
Microsoft Visual Studio Solution File, Format Version 12.00
# Visual Studio Version 17
VisualStudioVersion = 17.1.32210.238
MinimumVisualStudioVersion = 10.0.40219.1
Project("{FAE04EC0-301F-11D3-BF4B-00C04F79EFBC}") = "Ape3Task6", "Ape3Task6\Ape3Task6.csproj", "{80D9FF7F-A685-4B0B-9883-3BE6F49BCB6E}"
EndProject
Global
	GlobalSection(SolutionConfigurationPlatforms) = preSolution
		Debug|Any CPU = Debug|Any CPU
		Release|Any CPU = Release|Any CPU
	EndGlobalSection
	GlobalSection(ProjectConfigurationPlatforms) = postSolution
		{80D9FF7F-A685-4B0B-9883-3BE6F49BCB6E}.Debug|Any CPU.ActiveCfg = Debug|Any CPU
		{80D9FF7F-A685-4B0B-9883-3BE6F49BCB6E}.Debug|Any CPU.Build.0 = Debug|Any CPU
		{80D9FF7F-A685-4B0B-9883-3BE6F49BCB6E}.Release|Any CPU.ActiveCfg = Release|Any CPU
		{80D9FF7F-A685-4B0B-9883-3BE6F49BCB6E}.Release|Any CPU.Build.0 = Release|Any CPU
	EndGlobalSection
	GlobalSection(SolutionProperties) = preSolution
		HideSolutionNode = FALSE
	EndGlobalSection
	GlobalSection(ExtensibilityGlobals) = postSolution
		SolutionGuid = {4D10AA60-052C-4896-85BC-4313E1C1E9C5}
	EndGlobalSection
EndGlobal
